// !$*UTF8*$!
{
	archiveVersion = 1;
	classes = {
	};
	objectVersion = 77;
	objects = {

/* Begin PBXBuildFile section */
		2EFE065198E9ECF3647CA798 /* BackendClient.swift in Sources */ = {isa = PBXBuildFile; fileRef = 4E9E61B8F5FAAAD6873C8B4C /* BackendClient.swift */; };
		57AB27DCEB2587267E313F97 /* ContentView.swift in Sources */ = {isa = PBXBuildFile; fileRef = CA416505AC735C06A084E7EE /* ContentView.swift */; };
		6F5D4B75B20EC166AFCCC9D5 /* VoiceRecorder.swift in Sources */ = {isa = PBXBuildFile; fileRef = 214D3C369B9B71EB97FA2F55 /* VoiceRecorder.swift */; };
		9DAEEFD7C4A2F91D7444BCD0 /* TTSPlayer.swift in Sources */ = {isa = PBXBuildFile; fileRef = 283735CE8528E94F44599D41 /* TTSPlayer.swift */; };
		A86805111F9BBB87D5F766B8 /* Settings.swift in Sources */ = {isa = PBXBuildFile; fileRef = 5CF31E552D528619F13A5B40 /* Settings.swift */; };
		D0731F6CAC254AB33956E0FB /* Protocol.swift in Sources */ = {isa = PBXBuildFile; fileRef = E90163FEB077BB408157C916 /* Protocol.swift */; };
		DA75273976369895263A106F /* ClaudeWebApp.swift in Sources */ = {isa = PBXBuildFile; fileRef = E431C062B9438869B8D6E399 /* ClaudeWebApp.swift */; };
		F772B81502ED4246E6B7968E /* Assets.xcassets in Resources */ = {isa = PBXBuildFile; fileRef = 9AF5FF381485944DDD277DA6 /* Assets.xcassets */; };
/* End PBXBuildFile section */

/* Begin PBXFileReference section */
		214D3C369B9B71EB97FA2F55 /* VoiceRecorder.swift */ = {isa = PBXFileReference; lastKnownFileType = sourcecode.swift; path = VoiceRecorder.swift; sourceTree = "<group>"; };
		283735CE8528E94F44599D41 /* TTSPlayer.swift */ = {isa = PBXFileReference; lastKnownFileType = sourcecode.swift; path = TTSPlayer.swift; sourceTree = "<group>"; };
		4E9E61B8F5FAAAD6873C8B4C /* BackendClient.swift */ = {isa = PBXFileReference; lastKnownFileType = sourcecode.swift; path = BackendClient.swift; sourceTree = "<group>"; };
		5CF31E552D528619F13A5B40 /* Settings.swift */ = {isa = PBXFileReference; lastKnownFileType = sourcecode.swift; path = Settings.swift; sourceTree = "<group>"; };
		763A49693E0CE52A2C691B3C /* Info.plist */ = {isa = PBXFileReference; lastKnownFileType = text.plist; path = Info.plist; sourceTree = "<group>"; };
		7CAC5820B96A0B62BECEA82D /* ClaudeWeb.app */ = {isa = PBXFileReference; includeInIndex = 0; lastKnownFileType = wrapper.application; path = ClaudeWeb.app; sourceTree = BUILT_PRODUCTS_DIR; };
		9AF5FF381485944DDD277DA6 /* Assets.xcassets */ = {isa = PBXFileReference; lastKnownFileType = folder.assetcatalog; path = Assets.xcassets; sourceTree = "<group>"; };
		CA416505AC735C06A084E7EE /* ContentView.swift */ = {isa = PBXFileReference; lastKnownFileType = sourcecode.swift; path = ContentView.swift; sourceTree = "<group>"; };
		E431C062B9438869B8D6E399 /* ClaudeWebApp.swift */ = {isa = PBXFileReference; lastKnownFileType = sourcecode.swift; path = ClaudeWebApp.swift; sourceTree = "<group>"; };
		E90163FEB077BB408157C916 /* Protocol.swift */ = {isa = PBXFileReference; lastKnownFileType = sourcecode.swift; path = Protocol.swift; sourceTree = "<group>"; };
/* End PBXFileReference section */

/* Begin PBXGroup section */
		3BE25D6B07CC3925258BCA3F /* ClaudeWeb */ = {
			isa = PBXGroup;
			children = (
				9AF5FF381485944DDD277DA6 /* Assets.xcassets */,
				4E9E61B8F5FAAAD6873C8B4C /* BackendClient.swift */,
				E431C062B9438869B8D6E399 /* ClaudeWebApp.swift */,
				CA416505AC735C06A084E7EE /* ContentView.swift */,
				763A49693E0CE52A2C691B3C /* Info.plist */,
				E90163FEB077BB408157C916 /* Protocol.swift */,
				5CF31E552D528619F13A5B40 /* Settings.swift */,
				283735CE8528E94F44599D41 /* TTSPlayer.swift */,
				214D3C369B9B71EB97FA2F55 /* VoiceRecorder.swift */,
			);
			name = ClaudeWeb;
			path = Sources/ClaudeWeb;
			sourceTree = "<group>";
		};
		A0D0852916E74685EF8CFADB /* Products */ = {
			isa = PBXGroup;
			children = (
				7CAC5820B96A0B62BECEA82D /* ClaudeWeb.app */,
			);
			name = Products;
			sourceTree = "<group>";
		};
		D381DC55AE0EB827C087F12A = {
			isa = PBXGroup;
			children = (
				3BE25D6B07CC3925258BCA3F /* ClaudeWeb */,
				A0D0852916E74685EF8CFADB /* Products */,
			);
			sourceTree = "<group>";
		};
/* End PBXGroup section */

/* Begin PBXNativeTarget section */
		59BE935CE7793D344E204498 /* ClaudeWeb */ = {
			isa = PBXNativeTarget;
			buildConfigurationList = C2ACC60090096479411F9D21 /* Build configuration list for PBXNativeTarget "ClaudeWeb" */;
			buildPhases = (
				4A8EEA77BEF4BA830F0000B7 /* Sources */,
				32C5AF7310C4BE9CE4357E67 /* Resources */,
			);
			buildRules = (
			);
			dependencies = (
			);
			name = ClaudeWeb;
			packageProductDependencies = (
			);
			productName = ClaudeWeb;
			productReference = 7CAC5820B96A0B62BECEA82D /* ClaudeWeb.app */;
			productType = "com.apple.product-type.application";
		};
/* End PBXNativeTarget section */

/* Begin PBXProject section */
		717DA13FF387E84EC9EB94E8 /* Project object */ = {
			isa = PBXProject;
			attributes = {
				BuildIndependentTargetsInParallel = YES;
				LastUpgradeCheck = 1430;
				TargetAttributes = {
					59BE935CE7793D344E204498 = {
						DevelopmentTeam = V84XLAQ28F;
					};
				};
			};
			buildConfigurationList = 939E0AF79F0671BA7F46EBC6 /* Build configuration list for PBXProject "ClaudeWeb" */;
			developmentRegion = en;
			hasScannedForEncodings = 0;
			knownRegions = (
				Base,
				en,
			);
			mainGroup = D381DC55AE0EB827C087F12A;
			minimizedProjectReferenceProxies = 1;
			preferredProjectObjectVersion = 77;
			productRefGroup = A0D0852916E74685EF8CFADB /* Products */;
			projectDirPath = "";
			projectRoot = "";
			targets = (
				59BE935CE7793D344E204498 /* ClaudeWeb */,
			);
		};
/* End PBXProject section */

/* Begin PBXResourcesBuildPhase section */
		32C5AF7310C4BE9CE4357E67 /* Resources */ = {
			isa = PBXResourcesBuildPhase;
			buildActionMask = 2147483647;
			files = (
				F772B81502ED4246E6B7968E /* Assets.xcassets in Resources */,
			);
			runOnlyForDeploymentPostprocessing = 0;
		};
/* End PBXResourcesBuildPhase section */

/* Begin PBXSourcesBuildPhase section */
		4A8EEA77BEF4BA830F0000B7 /* Sources */ = {
			isa = PBXSourcesBuildPhase;
			buildActionMask = 2147483647;
			files = (
				2EFE065198E9ECF3647CA798 /* BackendClient.swift in Sources */,
				DA75273976369895263A106F /* ClaudeWebApp.swift in Sources */,
				57AB27DCEB2587267E313F97 /* ContentView.swift in Sources */,
				D0731F6CAC254AB33956E0FB /* Protocol.swift in Sources */,
				A86805111F9BBB87D5F766B8 /* Settings.swift in Sources */,
				9DAEEFD7C4A2F91D7444BCD0 /* TTSPlayer.swift in Sources */,
				6F5D4B75B20EC166AFCCC9D5 /* VoiceRecorder.swift in Sources */,
			);
			runOnlyForDeploymentPostprocessing = 0;
		};
/* End PBXSourcesBuildPhase section */

/* Begin XCBuildConfiguration section */
		153AAF576A8A01F568EDBFE2 /* Release */ = {
			isa = XCBuildConfiguration;
			buildSettings = {
				ASSETCATALOG_COMPILER_APPICON_NAME = AppIcon;
				CODE_SIGN_IDENTITY = "iPhone Developer";
				INFOPLIST_FILE = Sources/ClaudeWeb/Info.plist;
				LD_RUNPATH_SEARCH_PATHS = (
					"$(inherited)",
					"@executable_path/Frameworks",
				);
				PRODUCT_BUNDLE_IDENTIFIER = "com.albertsun6.claudeweb-native";
				SDKROOT = iphoneos;
				SUPPORTS_MACCATALYST = NO;
				TARGETED_DEVICE_FAMILY = 1;
			};
			name = Release;
		};
		41CD5DED77E6C5A92CEA6AE0 /* Debug */ = {
			isa = XCBuildConfiguration;
			buildSettings = {
				ALWAYS_SEARCH_USER_PATHS = NO;
				CLANG_ANALYZER_NONNULL = YES;
				CLANG_ANALYZER_NUMBER_OBJECT_CONVERSION = YES_AGGRESSIVE;
				CLANG_CXX_LANGUAGE_STANDARD = "gnu++14";
				CLANG_CXX_LIBRARY = "libc++";
				CLANG_ENABLE_MODULES = YES;
				CLANG_ENABLE_OBJC_ARC = YES;
				CLANG_ENABLE_OBJC_WEAK = YES;
				CLANG_WARN_BLOCK_CAPTURE_AUTORELEASING = YES;
				CLANG_WARN_BOOL_CONVERSION = YES;
				CLANG_WARN_COMMA = YES;
				CLANG_WARN_CONSTANT_CONVERSION = YES;
				CLANG_WARN_DEPRECATED_OBJC_IMPLEMENTATIONS = YES;
				CLANG_WARN_DIRECT_OBJC_ISA_USAGE = YES_ERROR;
				CLANG_WARN_DOCUMENTATION_COMMENTS = YES;
				CLANG_WARN_EMPTY_BODY = YES;
				CLANG_WARN_ENUM_CONVERSION = YES;
				CLANG_WARN_INFINITE_RECURSION = YES;
				CLANG_WARN_INT_CONVERSION = YES;
				CLANG_WARN_NON_LITERAL_NULL_CONVERSION = YES;
				CLANG_WARN_OBJC_IMPLICIT_RETAIN_SELF = YES;
				CLANG_WARN_OBJC_LITERAL_CONVERSION = YES;
				CLANG_WARN_OBJC_ROOT_CLASS = YES_ERROR;
				CLANG_WARN_QUOTED_INCLUDE_IN_FRAMEWORK_HEADER = YES;
				CLANG_WARN_RANGE_LOOP_ANALYSIS = YES;
				CLANG_WARN_STRICT_PROTOTYPES = YES;
				CLANG_WARN_SUSPICIOUS_MOVE = YES;
				CLANG_WARN_UNGUARDED_AVAILABILITY = YES_AGGRESSIVE;
				CLANG_WARN_UNREACHABLE_CODE = YES;
				CLANG_WARN__DUPLICATE_METHOD_MATCH = YES;
				COPY_PHASE_STRIP = NO;
				CURRENT_PROJECT_VERSION = 1;
				DEBUG_INFORMATION_FORMAT = dwarf;
				DEVELOPMENT_TEAM = V84XLAQ28F;
				ENABLE_STRICT_OBJC_MSGSEND = YES;
				ENABLE_TESTABILITY = YES;
				ENABLE_USER_SCRIPT_SANDBOXING = NO;
				GCC_C_LANGUAGE_STANDARD = gnu11;
				GCC_DYNAMIC_NO_PIC = NO;
				GCC_NO_COMMON_BLOCKS = YES;
				GCC_OPTIMIZATION_LEVEL = 0;
				GCC_PREPROCESSOR_DEFINITIONS = (
					"$(inherited)",
					"DEBUG=1",
				);
				GCC_WARN_64_TO_32_BIT_CONVERSION = YES;
				GCC_WARN_ABOUT_RETURN_TYPE = YES_ERROR;
				GCC_WARN_UNDECLARED_SELECTOR = YES;
				GCC_WARN_UNINITIALIZED_AUTOS = YES_AGGRESSIVE;
				GCC_WARN_UNUSED_FUNCTION = YES;
				GCC_WARN_UNUSED_VARIABLE = YES;
				IPHONEOS_DEPLOYMENT_TARGET = 17.0;
				MARKETING_VERSION = 0.1.0;
				MTL_ENABLE_DEBUG_INFO = INCLUDE_SOURCE;
				MTL_FAST_MATH = YES;
				ONLY_ACTIVE_ARCH = YES;
				PRODUCT_NAME = "$(TARGET_NAME)";
				SDKROOT = iphoneos;
				SWIFT_ACTIVE_COMPILATION_CONDITIONS = DEBUG;
				SWIFT_OPTIMIZATION_LEVEL = "-Onone";
				SWIFT_STRICT_CONCURRENCY = minimal;
				SWIFT_VERSION = 5.9;
			};
			name = Debug;
		};
		822B8840AA2FB6586B7F6799 /* Release */ = {
			isa = XCBuildConfiguration;
			buildSettings = {
				ALWAYS_SEARCH_USER_PATHS = NO;
				CLANG_ANALYZER_NONNULL = YES;
				CLANG_ANALYZER_NUMBER_OBJECT_CONVERSION = YES_AGGRESSIVE;
				CLANG_CXX_LANGUAGE_STANDARD = "gnu++14";
				CLANG_CXX_LIBRARY = "libc++";
				CLANG_ENABLE_MODULES = YES;
				CLANG_ENABLE_OBJC_ARC = YES;
				CLANG_ENABLE_OBJC_WEAK = YES;
				CLANG_WARN_BLOCK_CAPTURE_AUTORELEASING = YES;
				CLANG_WARN_BOOL_CONVERSION = YES;
				CLANG_WARN_COMMA = YES;
				CLANG_WARN_CONSTANT_CONVERSION = YES;
				CLANG_WARN_DEPRECATED_OBJC_IMPLEMENTATIONS = YES;
				CLANG_WARN_DIRECT_OBJC_ISA_USAGE = YES_ERROR;
				CLANG_WARN_DOCUMENTATION_COMMENTS = YES;
				CLANG_WARN_EMPTY_BODY = YES;
				CLANG_WARN_ENUM_CONVERSION = YES;
				CLANG_WARN_INFINITE_RECURSION = YES;
				CLANG_WARN_INT_CONVERSION = YES;
				CLANG_WARN_NON_LITERAL_NULL_CONVERSION = YES;
				CLANG_WARN_OBJC_IMPLICIT_RETAIN_SELF = YES;
				CLANG_WARN_OBJC_LITERAL_CONVERSION = YES;
				CLANG_WARN_OBJC_ROOT_CLASS = YES_ERROR;
				CLANG_WARN_QUOTED_INCLUDE_IN_FRAMEWORK_HEADER = YES;
				CLANG_WARN_RANGE_LOOP_ANALYSIS = YES;
				CLANG_WARN_STRICT_PROTOTYPES = YES;
				CLANG_WARN_SUSPICIOUS_MOVE = YES;
				CLANG_WARN_UNGUARDED_AVAILABILITY = YES_AGGRESSIVE;
				CLANG_WARN_UNREACHABLE_CODE = YES;
				CLANG_WARN__DUPLICATE_METHOD_MATCH = YES;
				COPY_PHASE_STRIP = NO;
				CURRENT_PROJECT_VERSION = 1;
				DEBUG_INFORMATION_FORMAT = "dwarf-with-dsym";
				DEVELOPMENT_TEAM = V84XLAQ28F;
				ENABLE_NS_ASSERTIONS = NO;
				ENABLE_STRICT_OBJC_MSGSEND = YES;
				ENABLE_USER_SCRIPT_SANDBOXING = NO;
				GCC_C_LANGUAGE_STANDARD = gnu11;
				GCC_NO_COMMON_BLOCKS = YES;
				GCC_WARN_64_TO_32_BIT_CONVERSION = YES;
				GCC_WARN_ABOUT_RETURN_TYPE = YES_ERROR;
				GCC_WARN_UNDECLARED_SELECTOR = YES;
				GCC_WARN_UNINITIALIZED_AUTOS = YES_AGGRESSIVE;
				GCC_WARN_UNUSED_FUNCTION = YES;
				GCC_WARN_UNUSED_VARIABLE = YES;
				IPHONEOS_DEPLOYMENT_TARGET = 17.0;
				MARKETING_VERSION = 0.1.0;
				MTL_ENABLE_DEBUG_INFO = NO;
				MTL_FAST_MATH = YES;
				PRODUCT_NAME = "$(TARGET_NAME)";
				SDKROOT = iphoneos;
				SWIFT_COMPILATION_MODE = wholemodule;
				SWIFT_OPTIMIZATION_LEVEL = "-O";
				SWIFT_STRICT_CONCURRENCY = minimal;
				SWIFT_VERSION = 5.9;
			};
			name = Release;
		};
		B1EEA0FC4FC93A71A5A65539 /* Debug */ = {
			isa = XCBuildConfiguration;
			buildSettings = {
				ASSETCATALOG_COMPILER_APPICON_NAME = AppIcon;
				CODE_SIGN_IDENTITY = "iPhone Developer";
				INFOPLIST_FILE = Sources/ClaudeWeb/Info.plist;
				LD_RUNPATH_SEARCH_PATHS = (
					"$(inherited)",
					"@executable_path/Frameworks",
				);
				PRODUCT_BUNDLE_IDENTIFIER = "com.albertsun6.claudeweb-native";
				SDKROOT = iphoneos;
				SUPPORTS_MACCATALYST = NO;
				TARGETED_DEVICE_FAMILY = 1;
			};
			name = Debug;
		};
/* End XCBuildConfiguration section */

/* Begin XCConfigurationList section */
		939E0AF79F0671BA7F46EBC6 /* Build configuration list for PBXProject "ClaudeWeb" */ = {
			isa = XCConfigurationList;
			buildConfigurations = (
				41CD5DED77E6C5A92CEA6AE0 /* Debug */,
				822B8840AA2FB6586B7F6799 /* Release */,
			);
			defaultConfigurationIsVisible = 0;
			defaultConfigurationName = Debug;
		};
		C2ACC60090096479411F9D21 /* Build configuration list for PBXNativeTarget "ClaudeWeb" */ = {
			isa = XCConfigurationList;
			buildConfigurations = (
				B1EEA0FC4FC93A71A5A65539 /* Debug */,
				153AAF576A8A01F568EDBFE2 /* Release */,
			);
			defaultConfigurationIsVisible = 0;
			defaultConfigurationName = Debug;
		};
/* End XCConfigurationList section */
	};
	rootObject = 717DA13FF387E84EC9EB94E8 /* Project object */;
}
